# This file is automatically @generated by Cargo.
# It is not intended for manual editing.
version = 4

[[package]]
name = "vakaheim"
version = "0.1.0"
dependencies = [
 "vakaheim-bytes",
 "vakaheim-core",
]

[[package]]
name = "vakaheim-bytes"
version = "0.1.0"

[[package]]
name = "vakaheim-core"
version = "0.1.0"
